// !$*UTF8*$!
{
	archiveVersion = 1;
	classes = {
	};
	objectVersion = 50;
	objects = {

/* Begin PBXBuildFile section */
		543640ADDECC2D3BFD8D9792 /* libPods-CJMonitorDemoTests.a in Frameworks */ = {isa = PBXBuildFile; fileRef = 8A12B95A5BD778F620FF270A /* libPods-CJMonitorDemoTests.a */; };
		785FECF321DDF32D00975192 /* AppDelegate.m in Sources */ = {isa = PBXBuildFile; fileRef = 785FECF221DDF32D00975192 /* AppDelegate.m */; };
		785FECF921DDF32D00975192 /* Main.storyboard in Resources */ = {isa = PBXBuildFile; fileRef = 785FECF721DDF32D00975192 /* Main.storyboard */; };
		785FED0121DDF32F00975192 /* main.m in Sources */ = {isa = PBXBuildFile; fileRef = 785FED0021DDF32F00975192 /* main.m */; };
		785FED0B21DDF32F00975192 /* CJMonitorDemoTests.m in Sources */ = {isa = PBXBuildFile; fileRef = 785FED0A21DDF32F00975192 /* CJMonitorDemoTests.m */; };
		785FED1621DDF32F00975192 /* CJMonitorDemoUITests.m in Sources */ = {isa = PBXBuildFile; fileRef = 785FED1521DDF32F00975192 /* CJMonitorDemoUITests.m */; };
		785FED3921DDF71200975192 /* DemoBarButtonItemFactory.m in Sources */ = {isa = PBXBuildFile; fileRef = 785FED2521DDF71200975192 /* DemoBarButtonItemFactory.m */; };
		785FED3A21DDF71200975192 /* DemoAlert.m in Sources */ = {isa = PBXBuildFile; fileRef = 785FED2921DDF71200975192 /* DemoAlert.m */; };
		785FED3B21DDF71200975192 /* badgeButton_normal@2x.png in Resources */ = {isa = PBXBuildFile; fileRef = 785FED2B21DDF71200975192 /* badgeButton_normal@2x.png */; };
		785FED3C21DDF71200975192 /* badgeButton_normal@3x.png in Resources */ = {isa = PBXBuildFile; fileRef = 785FED2D21DDF71200975192 /* badgeButton_normal@3x.png */; };
		785FED3D21DDF71200975192 /* badgeButton_highlighted@3x.png in Resources */ = {isa = PBXBuildFile; fileRef = 785FED2E21DDF71200975192 /* badgeButton_highlighted@3x.png */; };
		785FED3E21DDF71200975192 /* badgeButton_highlighted@2x.png in Resources */ = {isa = PBXBuildFile; fileRef = 785FED2F21DDF71200975192 /* badgeButton_highlighted@2x.png */; };
		785FED3F21DDF71200975192 /* DemoButtonFactory.m in Sources */ = {isa = PBXBuildFile; fileRef = 785FED3021DDF71200975192 /* DemoButtonFactory.m */; };
		785FED4021DDF71200975192 /* CJUIKitBaseHomeViewController.m in Sources */ = {isa = PBXBuildFile; fileRef = 785FED3321DDF71200975192 /* CJUIKitBaseHomeViewController.m */; };
		785FED4121DDF71200975192 /* CJUIKitBaseViewController.m in Sources */ = {isa = PBXBuildFile; fileRef = 785FED3521DDF71200975192 /* CJUIKitBaseViewController.m */; };
		785FED4221DDF71200975192 /* MainAsset.xcassets in Resources */ = {isa = PBXBuildFile; fileRef = 785FED3721DDF71200975192 /* MainAsset.xcassets */; };
		785FED4321DDF71200975192 /* AppAssets.xcassets in Resources */ = {isa = PBXBuildFile; fileRef = 785FED3821DDF71200975192 /* AppAssets.xcassets */; };
		785FED4721DDF76300975192 /* AppDelegate+WindowRootViewController.m in Sources */ = {isa = PBXBuildFile; fileRef = 785FED4621DDF76300975192 /* AppDelegate+WindowRootViewController.m */; };
		785FED5221DDF82E00975192 /* LogMonitorHomeViewController.m in Sources */ = {isa = PBXBuildFile; fileRef = 785FED4A21DDF82E00975192 /* LogMonitorHomeViewController.m */; };
		785FED5321DDF82E00975192 /* SuspendHomeViewController.m in Sources */ = {isa = PBXBuildFile; fileRef = 785FED4D21DDF82E00975192 /* SuspendHomeViewController.m */; };
		785FED5421DDF82E00975192 /* DataMonitorHomeViewController.m in Sources */ = {isa = PBXBuildFile; fileRef = 785FED5021DDF82E00975192 /* DataMonitorHomeViewController.m */; };
		AD06C42E05081A55CC2AEF7A /* libPods-CJMonitorDemoUITests.a in Frameworks */ = {isa = PBXBuildFile; fileRef = 9B176C59855DD66797D5A884 /* libPods-CJMonitorDemoUITests.a */; };
		D181A835D44F9051F4BEF6F5 /* libPods-CJMonitorDemo.a in Frameworks */ = {isa = PBXBuildFile; fileRef = DB42E3BA2ABD52D66E9B58E6 /* libPods-CJMonitorDemo.a */; };
/* End PBXBuildFile section */

/* Begin PBXContainerItemProxy section */
		785FED0721DDF32F00975192 /* PBXContainerItemProxy */ = {
			isa = PBXContainerItemProxy;
			containerPortal = 785FECE621DDF32C00975192 /* Project object */;
			proxyType = 1;
			remoteGlobalIDString = 785FECED21DDF32D00975192;
			remoteInfo = CJMonitorDemo;
		};
		785FED1221DDF32F00975192 /* PBXContainerItemProxy */ = {
			isa = PBXContainerItemProxy;
			containerPortal = 785FECE621DDF32C00975192 /* Project object */;
			proxyType = 1;
			remoteGlobalIDString = 785FECED21DDF32D00975192;
			remoteInfo = CJMonitorDemo;
		};
/* End PBXContainerItemProxy section */

/* Begin PBXFileReference section */
		2194D3AA01377037FB1D6409 /* Pods-CJMonitorDemoUITests.debug.xcconfig */ = {isa = PBXFileReference; includeInIndex = 1; lastKnownFileType = text.xcconfig; name = "Pods-CJMonitorDemoUITests.debug.xcconfig"; path = "Pods/Target Support Files/Pods-CJMonitorDemoUITests/Pods-CJMonitorDemoUITests.debug.xcconfig"; sourceTree = "<group>"; };
		24DC039A60980F23E7F0A4D7 /* Pods-CJMonitorDemoTests.debug.xcconfig */ = {isa = PBXFileReference; includeInIndex = 1; lastKnownFileType = text.xcconfig; name = "Pods-CJMonitorDemoTests.debug.xcconfig"; path = "Pods/Target Support Files/Pods-CJMonitorDemoTests/Pods-CJMonitorDemoTests.debug.xcconfig"; sourceTree = "<group>"; };
		3A8FE04E61807985ABCCD8CA /* Pods-CJMonitorDemoUITests.release.xcconfig */ = {isa = PBXFileReference; includeInIndex = 1; lastKnownFileType = text.xcconfig; name = "Pods-CJMonitorDemoUITests.release.xcconfig"; path = "Pods/Target Support Files/Pods-CJMonitorDemoUITests/Pods-CJMonitorDemoUITests.release.xcconfig"; sourceTree = "<group>"; };
		785FECEE21DDF32D00975192 /* CJMonitorDemo.app */ = {isa = PBXFileReference; explicitFileType = wrapper.application; includeInIndex = 0; path = CJMonitorDemo.app; sourceTree = BUILT_PRODUCTS_DIR; };
		785FECF121DDF32D00975192 /* AppDelegate.h */ = {isa = PBXFileReference; lastKnownFileType = sourcecode.c.h; path = AppDelegate.h; sourceTree = "<group>"; };
		785FECF221DDF32D00975192 /* AppDelegate.m */ = {isa = PBXFileReference; lastKnownFileType = sourcecode.c.objc; path = AppDelegate.m; sourceTree = "<group>"; };
		785FECF821DDF32D00975192 /* Base */ = {isa = PBXFileReference; lastKnownFileType = file.storyboard; name = Base; path = Base.lproj/Main.storyboard; sourceTree = "<group>"; };
		785FECFF21DDF32F00975192 /* Info.plist */ = {isa = PBXFileReference; lastKnownFileType = text.plist.xml; path = Info.plist; sourceTree = "<group>"; };
		785FED0021DDF32F00975192 /* main.m */ = {isa = PBXFileReference; lastKnownFileType = sourcecode.c.objc; path = main.m; sourceTree = "<group>"; };
		785FED0621DDF32F00975192 /* CJMonitorDemoTests.xctest */ = {isa = PBXFileReference; explicitFileType = wrapper.cfbundle; includeInIndex = 0; path = CJMonitorDemoTests.xctest; sourceTree = BUILT_PRODUCTS_DIR; };
		785FED0A21DDF32F00975192 /* CJMonitorDemoTests.m */ = {isa = PBXFileReference; lastKnownFileType = sourcecode.c.objc; path = CJMonitorDemoTests.m; sourceTree = "<group>"; };
		785FED0C21DDF32F00975192 /* Info.plist */ = {isa = PBXFileReference; lastKnownFileType = text.plist.xml; path = Info.plist; sourceTree = "<group>"; };
		785FED1121DDF32F00975192 /* CJMonitorDemoUITests.xctest */ = {isa = PBXFileReference; explicitFileType = wrapper.cfbundle; includeInIndex = 0; path = CJMonitorDemoUITests.xctest; sourceTree = BUILT_PRODUCTS_DIR; };
		785FED1521DDF32F00975192 /* CJMonitorDemoUITests.m */ = {isa = PBXFileReference; lastKnownFileType = sourcecode.c.objc; path = CJMonitorDemoUITests.m; sourceTree = "<group>"; };
		785FED1721DDF32F00975192 /* Info.plist */ = {isa = PBXFileReference; lastKnownFileType = text.plist.xml; path = Info.plist; sourceTree = "<group>"; };
		785FED2521DDF71200975192 /* DemoBarButtonItemFactory.m */ = {isa = PBXFileReference; fileEncoding = 4; lastKnownFileType = sourcecode.c.objc; path = DemoBarButtonItemFactory.m; sourceTree = "<group>"; };
		785FED2621DDF71200975192 /* DemoBarButtonItemFactory.h */ = {isa = PBXFileReference; fileEncoding = 4; lastKnownFileType = sourcecode.c.h; path = DemoBarButtonItemFactory.h; sourceTree = "<group>"; };
		785FED2821DDF71200975192 /* DemoAlert.h */ = {isa = PBXFileReference; fileEncoding = 4; lastKnownFileType = sourcecode.c.h; path = DemoAlert.h; sourceTree = "<group>"; };
		785FED2921DDF71200975192 /* DemoAlert.m */ = {isa = PBXFileReference; fileEncoding = 4; lastKnownFileType = sourcecode.c.objc; path = DemoAlert.m; sourceTree = "<group>"; };
		785FED2B21DDF71200975192 /* badgeButton_normal@2x.png */ = {isa = PBXFileReference; lastKnownFileType = image.png; path = "badgeButton_normal@2x.png"; sourceTree = "<group>"; };
		785FED2C21DDF71200975192 /* DemoButtonFactory.h */ = {isa = PBXFileReference; fileEncoding = 4; lastKnownFileType = sourcecode.c.h; path = DemoButtonFactory.h; sourceTree = "<group>"; };
		785FED2D21DDF71200975192 /* badgeButton_normal@3x.png */ = {isa = PBXFileReference; lastKnownFileType = image.png; path = "badgeButton_normal@3x.png"; sourceTree = "<group>"; };
		785FED2E21DDF71200975192 /* badgeButton_highlighted@3x.png */ = {isa = PBXFileReference; lastKnownFileType = image.png; path = "badgeButton_highlighted@3x.png"; sourceTree = "<group>"; };
		785FED2F21DDF71200975192 /* badgeButton_highlighted@2x.png */ = {isa = PBXFileReference; lastKnownFileType = image.png; path = "badgeButton_highlighted@2x.png"; sourceTree = "<group>"; };
		785FED3021DDF71200975192 /* DemoButtonFactory.m */ = {isa = PBXFileReference; fileEncoding = 4; lastKnownFileType = sourcecode.c.objc; path = DemoButtonFactory.m; sourceTree = "<group>"; };
		785FED3221DDF71200975192 /* CJUIKitBaseViewController.h */ = {isa = PBXFileReference; fileEncoding = 4; lastKnownFileType = sourcecode.c.h; path = CJUIKitBaseViewController.h; sourceTree = "<group>"; };
		785FED3321DDF71200975192 /* CJUIKitBaseHomeViewController.m */ = {isa = PBXFileReference; fileEncoding = 4; lastKnownFileType = sourcecode.c.objc; path = CJUIKitBaseHomeViewController.m; sourceTree = "<group>"; };
		785FED3421DDF71200975192 /* CJUIKitBaseHomeViewController.h */ = {isa = PBXFileReference; fileEncoding = 4; lastKnownFileType = sourcecode.c.h; path = CJUIKitBaseHomeViewController.h; sourceTree = "<group>"; };
		785FED3521DDF71200975192 /* CJUIKitBaseViewController.m */ = {isa = PBXFileReference; fileEncoding = 4; lastKnownFileType = sourcecode.c.objc; path = CJUIKitBaseViewController.m; sourceTree = "<group>"; };
		785FED3721DDF71200975192 /* MainAsset.xcassets */ = {isa = PBXFileReference; lastKnownFileType = folder.assetcatalog; path = MainAsset.xcassets; sourceTree = "<group>"; };
		785FED3821DDF71200975192 /* AppAssets.xcassets */ = {isa = PBXFileReference; lastKnownFileType = folder.assetcatalog; path = AppAssets.xcassets; sourceTree = "<group>"; };
		785FED4521DDF76300975192 /* AppDelegate+WindowRootViewController.h */ = {isa = PBXFileReference; fileEncoding = 4; lastKnownFileType = sourcecode.c.h; path = "AppDelegate+WindowRootViewController.h"; sourceTree = "<group>"; };
		785FED4621DDF76300975192 /* AppDelegate+WindowRootViewController.m */ = {isa = PBXFileReference; fileEncoding = 4; lastKnownFileType = sourcecode.c.objc; path = "AppDelegate+WindowRootViewController.m"; sourceTree = "<group>"; };
		785FED4A21DDF82E00975192 /* LogMonitorHomeViewController.m */ = {isa = PBXFileReference; fileEncoding = 4; lastKnownFileType = sourcecode.c.objc; path = LogMonitorHomeViewController.m; sourceTree = "<group>"; };
		785FED4B21DDF82E00975192 /* LogMonitorHomeViewController.h */ = {isa = PBXFileReference; fileEncoding = 4; lastKnownFileType = sourcecode.c.h; path = LogMonitorHomeViewController.h; sourceTree = "<group>"; };
		785FED4D21DDF82E00975192 /* SuspendHomeViewController.m */ = {isa = PBXFileReference; fileEncoding = 4; lastKnownFileType = sourcecode.c.objc; path = SuspendHomeViewController.m; sourceTree = "<group>"; };
		785FED4E21DDF82E00975192 /* SuspendHomeViewController.h */ = {isa = PBXFileReference; fileEncoding = 4; lastKnownFileType = sourcecode.c.h; path = SuspendHomeViewController.h; sourceTree = "<group>"; };
		785FED5021DDF82E00975192 /* DataMonitorHomeViewController.m */ = {isa = PBXFileReference; fileEncoding = 4; lastKnownFileType = sourcecode.c.objc; path = DataMonitorHomeViewController.m; sourceTree = "<group>"; };
		785FED5121DDF82E00975192 /* DataMonitorHomeViewController.h */ = {isa = PBXFileReference; fileEncoding = 4; lastKnownFileType = sourcecode.c.h; path = DataMonitorHomeViewController.h; sourceTree = "<group>"; };
		8A12B95A5BD778F620FF270A /* libPods-CJMonitorDemoTests.a */ = {isa = PBXFileReference; explicitFileType = archive.ar; includeInIndex = 0; path = "libPods-CJMonitorDemoTests.a"; sourceTree = BUILT_PRODUCTS_DIR; };
		9B176C59855DD66797D5A884 /* libPods-CJMonitorDemoUITests.a */ = {isa = PBXFileReference; explicitFileType = archive.ar; includeInIndex = 0; path = "libPods-CJMonitorDemoUITests.a"; sourceTree = BUILT_PRODUCTS_DIR; };
		B27549A87E92831820BB23EC /* Pods-CJMonitorDemoTests.release.xcconfig */ = {isa = PBXFileReference; includeInIndex = 1; lastKnownFileType = text.xcconfig; name = "Pods-CJMonitorDemoTests.release.xcconfig"; path = "Pods/Target Support Files/Pods-CJMonitorDemoTests/Pods-CJMonitorDemoTests.release.xcconfig"; sourceTree = "<group>"; };
		CCDAB677AF827AB82CCBF1CE /* Pods-CJMonitorDemo.release.xcconfig */ = {isa = PBXFileReference; includeInIndex = 1; lastKnownFileType = text.xcconfig; name = "Pods-CJMonitorDemo.release.xcconfig"; path = "Pods/Target Support Files/Pods-CJMonitorDemo/Pods-CJMonitorDemo.release.xcconfig"; sourceTree = "<group>"; };
		DB42E3BA2ABD52D66E9B58E6 /* libPods-CJMonitorDemo.a */ = {isa = PBXFileReference; explicitFileType = archive.ar; includeInIndex = 0; path = "libPods-CJMonitorDemo.a"; sourceTree = BUILT_PRODUCTS_DIR; };
		E33CB99BB5BCD6E4F0251EBB /* Pods-CJMonitorDemo.debug.xcconfig */ = {isa = PBXFileReference; includeInIndex = 1; lastKnownFileType = text.xcconfig; name = "Pods-CJMonitorDemo.debug.xcconfig"; path = "Pods/Target Support Files/Pods-CJMonitorDemo/Pods-CJMonitorDemo.debug.xcconfig"; sourceTree = "<group>"; };
/* End PBXFileReference section */

/* Begin PBXFrameworksBuildPhase section */
		785FECEB21DDF32D00975192 /* Frameworks */ = {
			isa = PBXFrameworksBuildPhase;
			buildActionMask = 2147483647;
			files = (
				D181A835D44F9051F4BEF6F5 /* libPods-CJMonitorDemo.a in Frameworks */,
			);
			runOnlyForDeploymentPostprocessing = 0;
		};
		785FED0321DDF32F00975192 /* Frameworks */ = {
			isa = PBXFrameworksBuildPhase;
			buildActionMask = 2147483647;
			files = (
				543640ADDECC2D3BFD8D9792 /* libPods-CJMonitorDemoTests.a in Frameworks */,
			);
			runOnlyForDeploymentPostprocessing = 0;
		};
		785FED0E21DDF32F00975192 /* Frameworks */ = {
			isa = PBXFrameworksBuildPhase;
			buildActionMask = 2147483647;
			files = (
				AD06C42E05081A55CC2AEF7A /* libPods-CJMonitorDemoUITests.a in Frameworks */,
			);
			runOnlyForDeploymentPostprocessing = 0;
		};
/* End PBXFrameworksBuildPhase section */

/* Begin PBXGroup section */
		4CA6559DC6A14890E119184B /* Frameworks */ = {
			isa = PBXGroup;
			children = (
				DB42E3BA2ABD52D66E9B58E6 /* libPods-CJMonitorDemo.a */,
				8A12B95A5BD778F620FF270A /* libPods-CJMonitorDemoTests.a */,
				9B176C59855DD66797D5A884 /* libPods-CJMonitorDemoUITests.a */,
			);
			name = Frameworks;
			sourceTree = "<group>";
		};
		54FA7256DBC616880EC90AE5 /* Pods */ = {
			isa = PBXGroup;
			children = (
				E33CB99BB5BCD6E4F0251EBB /* Pods-CJMonitorDemo.debug.xcconfig */,
				CCDAB677AF827AB82CCBF1CE /* Pods-CJMonitorDemo.release.xcconfig */,
				24DC039A60980F23E7F0A4D7 /* Pods-CJMonitorDemoTests.debug.xcconfig */,
				B27549A87E92831820BB23EC /* Pods-CJMonitorDemoTests.release.xcconfig */,
				2194D3AA01377037FB1D6409 /* Pods-CJMonitorDemoUITests.debug.xcconfig */,
				3A8FE04E61807985ABCCD8CA /* Pods-CJMonitorDemoUITests.release.xcconfig */,
			);
			name = Pods;
			sourceTree = "<group>";
		};
		785FECE521DDF32C00975192 = {
			isa = PBXGroup;
			children = (
				785FECF021DDF32D00975192 /* CJMonitorDemo */,
				785FED0921DDF32F00975192 /* CJMonitorDemoTests */,
				785FED1421DDF32F00975192 /* CJMonitorDemoUITests */,
				785FECEF21DDF32D00975192 /* Products */,
				54FA7256DBC616880EC90AE5 /* Pods */,
				4CA6559DC6A14890E119184B /* Frameworks */,
			);
			sourceTree = "<group>";
		};
		785FECEF21DDF32D00975192 /* Products */ = {
			isa = PBXGroup;
			children = (
				785FECEE21DDF32D00975192 /* CJMonitorDemo.app */,
				785FED0621DDF32F00975192 /* CJMonitorDemoTests.xctest */,
				785FED1121DDF32F00975192 /* CJMonitorDemoUITests.xctest */,
			);
			name = Products;
			sourceTree = "<group>";
		};
		785FECF021DDF32D00975192 /* CJMonitorDemo */ = {
			isa = PBXGroup;
			children = (
				785FECF121DDF32D00975192 /* AppDelegate.h */,
				785FECF221DDF32D00975192 /* AppDelegate.m */,
				785FED4521DDF76300975192 /* AppDelegate+WindowRootViewController.h */,
				785FED4621DDF76300975192 /* AppDelegate+WindowRootViewController.m */,
				785FED4821DDF77A00975192 /* Modules */,
				785FED2321DDF71200975192 /* CommonUI */,
				785FED3621DDF71200975192 /* Resources */,
				785FED4421DDF73100975192 /* Supporting Files */,
			);
			path = CJMonitorDemo;
			sourceTree = "<group>";
		};
		785FED0921DDF32F00975192 /* CJMonitorDemoTests */ = {
			isa = PBXGroup;
			children = (
				785FED0A21DDF32F00975192 /* CJMonitorDemoTests.m */,
				785FED0C21DDF32F00975192 /* Info.plist */,
			);
			path = CJMonitorDemoTests;
			sourceTree = "<group>";
		};
		785FED1421DDF32F00975192 /* CJMonitorDemoUITests */ = {
			isa = PBXGroup;
			children = (
				785FED1521DDF32F00975192 /* CJMonitorDemoUITests.m */,
				785FED1721DDF32F00975192 /* Info.plist */,
			);
			path = CJMonitorDemoUITests;
			sourceTree = "<group>";
		};
		785FED2321DDF71200975192 /* CommonUI */ = {
			isa = PBXGroup;
			children = (
				785FED2421DDF71200975192 /* DemoBarButtonItemFactory */,
				785FED2721DDF71200975192 /* DemoAlert */,
				785FED2A21DDF71200975192 /* DemoButtonFactory */,
				785FED3121DDF71200975192 /* Base */,
			);
			path = CommonUI;
			sourceTree = "<group>";
		};
		785FED2421DDF71200975192 /* DemoBarButtonItemFactory */ = {
			isa = PBXGroup;
			children = (
				785FED2521DDF71200975192 /* DemoBarButtonItemFactory.m */,
				785FED2621DDF71200975192 /* DemoBarButtonItemFactory.h */,
			);
			path = DemoBarButtonItemFactory;
			sourceTree = "<group>";
		};
		785FED2721DDF71200975192 /* DemoAlert */ = {
			isa = PBXGroup;
			children = (
				785FED2821DDF71200975192 /* DemoAlert.h */,
				785FED2921DDF71200975192 /* DemoAlert.m */,
			);
			path = DemoAlert;
			sourceTree = "<group>";
		};
		785FED2A21DDF71200975192 /* DemoButtonFactory */ = {
			isa = PBXGroup;
			children = (
				785FED2B21DDF71200975192 /* badgeButton_normal@2x.png */,
				785FED2C21DDF71200975192 /* DemoButtonFactory.h */,
				785FED2D21DDF71200975192 /* badgeButton_normal@3x.png */,
				785FED2E21DDF71200975192 /* badgeButton_highlighted@3x.png */,
				785FED2F21DDF71200975192 /* badgeButton_highlighted@2x.png */,
				785FED3021DDF71200975192 /* DemoButtonFactory.m */,
			);
			path = DemoButtonFactory;
			sourceTree = "<group>";
		};
		785FED3121DDF71200975192 /* Base */ = {
			isa = PBXGroup;
			children = (
				785FED3221DDF71200975192 /* CJUIKitBaseViewController.h */,
				785FED3321DDF71200975192 /* CJUIKitBaseHomeViewController.m */,
				785FED3421DDF71200975192 /* CJUIKitBaseHomeViewController.h */,
				785FED3521DDF71200975192 /* CJUIKitBaseViewController.m */,
			);
			path = Base;
			sourceTree = "<group>";
		};
		785FED3621DDF71200975192 /* Resources */ = {
			isa = PBXGroup;
			children = (
				785FED3721DDF71200975192 /* MainAsset.xcassets */,
				785FED3821DDF71200975192 /* AppAssets.xcassets */,
			);
			path = Resources;
			sourceTree = "<group>";
		};
		785FED4421DDF73100975192 /* Supporting Files */ = {
			isa = PBXGroup;
			children = (
				785FECF721DDF32D00975192 /* Main.storyboard */,
				785FECFF21DDF32F00975192 /* Info.plist */,
				785FED0021DDF32F00975192 /* main.m */,
			);
			name = "Supporting Files";
			sourceTree = "<group>";
		};
		785FED4821DDF77A00975192 /* Modules */ = {
			isa = PBXGroup;
			children = (
				785FED4F21DDF82E00975192 /* DataMonitorDemo */,
				785FED4921DDF82E00975192 /* LogMonitorDemo */,
				785FED4C21DDF82E00975192 /* SuspendWindowDemo */,
			);
			path = Modules;
			sourceTree = "<group>";
		};
		785FED4921DDF82E00975192 /* LogMonitorDemo */ = {
			isa = PBXGroup;
			children = (
				785FED4B21DDF82E00975192 /* LogMonitorHomeViewController.h */,
				785FED4A21DDF82E00975192 /* LogMonitorHomeViewController.m */,
			);
			path = LogMonitorDemo;
			sourceTree = "<group>";
		};
		785FED4C21DDF82E00975192 /* SuspendWindowDemo */ = {
			isa = PBXGroup;
			children = (
				785FED4E21DDF82E00975192 /* SuspendHomeViewController.h */,
				785FED4D21DDF82E00975192 /* SuspendHomeViewController.m */,
			);
			path = SuspendWindowDemo;
			sourceTree = "<group>";
		};
		785FED4F21DDF82E00975192 /* DataMonitorDemo */ = {
			isa = PBXGroup;
			children = (
				785FED5121DDF82E00975192 /* DataMonitorHomeViewController.h */,
				785FED5021DDF82E00975192 /* DataMonitorHomeViewController.m */,
			);
			path = DataMonitorDemo;
			sourceTree = "<group>";
		};
/* End PBXGroup section */

/* Begin PBXNativeTarget section */
		785FECED21DDF32D00975192 /* CJMonitorDemo */ = {
			isa = PBXNativeTarget;
			buildConfigurationList = 785FED1A21DDF32F00975192 /* Build configuration list for PBXNativeTarget "CJMonitorDemo" */;
			buildPhases = (
				19208098CFB96469F08773E2 /* [CP] Check Pods Manifest.lock */,
				785FECEA21DDF32D00975192 /* Sources */,
				785FECEB21DDF32D00975192 /* Frameworks */,
				785FECEC21DDF32D00975192 /* Resources */,
				DF6EFBDFBB79CB3F7C79F9D6 /* [CP] Copy Pods Resources */,
			);
			buildRules = (
			);
			dependencies = (
			);
			name = CJMonitorDemo;
			productName = CJMonitorDemo;
			productReference = 785FECEE21DDF32D00975192 /* CJMonitorDemo.app */;
			productType = "com.apple.product-type.application";
		};
		785FED0521DDF32F00975192 /* CJMonitorDemoTests */ = {
			isa = PBXNativeTarget;
			buildConfigurationList = 785FED1D21DDF32F00975192 /* Build configuration list for PBXNativeTarget "CJMonitorDemoTests" */;
			buildPhases = (
				578ABCB432B49A590F9BEF20 /* [CP] Check Pods Manifest.lock */,
				785FED0221DDF32F00975192 /* Sources */,
				785FED0321DDF32F00975192 /* Frameworks */,
				785FED0421DDF32F00975192 /* Resources */,
			);
			buildRules = (
			);
			dependencies = (
				785FED0821DDF32F00975192 /* PBXTargetDependency */,
			);
			name = CJMonitorDemoTests;
			productName = CJMonitorDemoTests;
			productReference = 785FED0621DDF32F00975192 /* CJMonitorDemoTests.xctest */;
			productType = "com.apple.product-type.bundle.unit-test";
		};
		785FED1021DDF32F00975192 /* CJMonitorDemoUITests */ = {
			isa = PBXNativeTarget;
			buildConfigurationList = 785FED2021DDF32F00975192 /* Build configuration list for PBXNativeTarget "CJMonitorDemoUITests" */;
			buildPhases = (
				68296F13379EF7E008FD84E9 /* [CP] Check Pods Manifest.lock */,
				785FED0D21DDF32F00975192 /* Sources */,
				785FED0E21DDF32F00975192 /* Frameworks */,
				785FED0F21DDF32F00975192 /* Resources */,
			);
			buildRules = (
			);
			dependencies = (
				785FED1321DDF32F00975192 /* PBXTargetDependency */,
			);
			name = CJMonitorDemoUITests;
			productName = CJMonitorDemoUITests;
			productReference = 785FED1121DDF32F00975192 /* CJMonitorDemoUITests.xctest */;
			productType = "com.apple.product-type.bundle.ui-testing";
		};
/* End PBXNativeTarget section */

/* Begin PBXProject section */
		785FECE621DDF32C00975192 /* Project object */ = {
			isa = PBXProject;
			attributes = {
				LastUpgradeCheck = 1010;
				ORGANIZATIONNAME = dvlproad;
				TargetAttributes = {
					785FECED21DDF32D00975192 = {
						CreatedOnToolsVersion = 10.1;
					};
					785FED0521DDF32F00975192 = {
						CreatedOnToolsVersion = 10.1;
						TestTargetID = 785FECED21DDF32D00975192;
					};
					785FED1021DDF32F00975192 = {
						CreatedOnToolsVersion = 10.1;
						TestTargetID = 785FECED21DDF32D00975192;
					};
				};
			};
			buildConfigurationList = 785FECE921DDF32C00975192 /* Build configuration list for PBXProject "CJMonitorDemo" */;
			compatibilityVersion = "Xcode 9.3";
			developmentRegion = en;
			hasScannedForEncodings = 0;
			knownRegions = (
				en,
				Base,
			);
			mainGroup = 785FECE521DDF32C00975192;
			productRefGroup = 785FECEF21DDF32D00975192 /* Products */;
			projectDirPath = "";
			projectRoot = "";
			targets = (
				785FECED21DDF32D00975192 /* CJMonitorDemo */,
				785FED0521DDF32F00975192 /* CJMonitorDemoTests */,
				785FED1021DDF32F00975192 /* CJMonitorDemoUITests */,
			);
		};
/* End PBXProject section */

/* Begin PBXResourcesBuildPhase section */
		785FECEC21DDF32D00975192 /* Resources */ = {
			isa = PBXResourcesBuildPhase;
			buildActionMask = 2147483647;
			files = (
				785FED3C21DDF71200975192 /* badgeButton_normal@3x.png in Resources */,
				785FED3B21DDF71200975192 /* badgeButton_normal@2x.png in Resources */,
				785FED4221DDF71200975192 /* MainAsset.xcassets in Resources */,
				785FED3D21DDF71200975192 /* badgeButton_highlighted@3x.png in Resources */,
				785FED4321DDF71200975192 /* AppAssets.xcassets in Resources */,
				785FED3E21DDF71200975192 /* badgeButton_highlighted@2x.png in Resources */,
				785FECF921DDF32D00975192 /* Main.storyboard in Resources */,
			);
			runOnlyForDeploymentPostprocessing = 0;
		};
		785FED0421DDF32F00975192 /* Resources */ = {
			isa = PBXResourcesBuildPhase;
			buildActionMask = 2147483647;
			files = (
			);
			runOnlyForDeploymentPostprocessing = 0;
		};
		785FED0F21DDF32F00975192 /* Resources */ = {
			isa = PBXResourcesBuildPhase;
			buildActionMask = 2147483647;
			files = (
			);
			runOnlyForDeploymentPostprocessing = 0;
		};
/* End PBXResourcesBuildPhase section */

/* Begin PBXShellScriptBuildPhase section */
		19208098CFB96469F08773E2 /* [CP] Check Pods Manifest.lock */ = {
			isa = PBXShellScriptBuildPhase;
			buildActionMask = 2147483647;
			files = (
			);
			inputPaths = (
				"${PODS_PODFILE_DIR_PATH}/Podfile.lock",
				"${PODS_ROOT}/Manifest.lock",
			);
			name = "[CP] Check Pods Manifest.lock";
			outputPaths = (
				"$(DERIVED_FILE_DIR)/Pods-CJMonitorDemo-checkManifestLockResult.txt",
			);
			runOnlyForDeploymentPostprocessing = 0;
			shellPath = /bin/sh;
			shellScript = "diff \"${PODS_PODFILE_DIR_PATH}/Podfile.lock\" \"${PODS_ROOT}/Manifest.lock\" > /dev/null\nif [ $? != 0 ] ; then\n    # print error to STDERR\n    echo \"error: The sandbox is not in sync with the Podfile.lock. Run 'pod install' or update your CocoaPods installation.\" >&2\n    exit 1\nfi\n# This output is used by Xcode 'outputs' to avoid re-running this script phase.\necho \"SUCCESS\" > \"${SCRIPT_OUTPUT_FILE_0}\"\n";
			showEnvVarsInLog = 0;
		};
		578ABCB432B49A590F9BEF20 /* [CP] Check Pods Manifest.lock */ = {
			isa = PBXShellScriptBuildPhase;
			buildActionMask = 2147483647;
			files = (
			);
			inputPaths = (
				"${PODS_PODFILE_DIR_PATH}/Podfile.lock",
				"${PODS_ROOT}/Manifest.lock",
			);
			name = "[CP] Check Pods Manifest.lock";
			outputPaths = (
				"$(DERIVED_FILE_DIR)/Pods-CJMonitorDemoTests-checkManifestLockResult.txt",
			);
			runOnlyForDeploymentPostprocessing = 0;
			shellPath = /bin/sh;
			shellScript = "diff \"${PODS_PODFILE_DIR_PATH}/Podfile.lock\" \"${PODS_ROOT}/Manifest.lock\" > /dev/null\nif [ $? != 0 ] ; then\n    # print error to STDERR\n    echo \"error: The sandbox is not in sync with the Podfile.lock. Run 'pod install' or update your CocoaPods installation.\" >&2\n    exit 1\nfi\n# This output is used by Xcode 'outputs' to avoid re-running this script phase.\necho \"SUCCESS\" > \"${SCRIPT_OUTPUT_FILE_0}\"\n";
			showEnvVarsInLog = 0;
		};
		68296F13379EF7E008FD84E9 /* [CP] Check Pods Manifest.lock */ = {
			isa = PBXShellScriptBuildPhase;
			buildActionMask = 2147483647;
			files = (
			);
			inputPaths = (
				"${PODS_PODFILE_DIR_PATH}/Podfile.lock",
				"${PODS_ROOT}/Manifest.lock",
			);
			name = "[CP] Check Pods Manifest.lock";
			outputPaths = (
				"$(DERIVED_FILE_DIR)/Pods-CJMonitorDemoUITests-checkManifestLockResult.txt",
			);
			runOnlyForDeploymentPostprocessing = 0;
			shellPath = /bin/sh;
			shellScript = "diff \"${PODS_PODFILE_DIR_PATH}/Podfile.lock\" \"${PODS_ROOT}/Manifest.lock\" > /dev/null\nif [ $? != 0 ] ; then\n    # print error to STDERR\n    echo \"error: The sandbox is not in sync with the Podfile.lock. Run 'pod install' or update your CocoaPods installation.\" >&2\n    exit 1\nfi\n# This output is used by Xcode 'outputs' to avoid re-running this script phase.\necho \"SUCCESS\" > \"${SCRIPT_OUTPUT_FILE_0}\"\n";
			showEnvVarsInLog = 0;
		};
		DF6EFBDFBB79CB3F7C79F9D6 /* [CP] Copy Pods Resources */ = {
			isa = PBXShellScriptBuildPhase;
			buildActionMask = 2147483647;
			files = (
			);
			inputPaths = (
				"${SRCROOT}/Pods/Target Support Files/Pods-CJMonitorDemo/Pods-CJMonitorDemo-resources.sh",
				"${PODS_ROOT}/CJBaseUIKit/CJBaseUIKit/CJToast/Resources/CJToast_error.png",
				"${PODS_ROOT}/CJBaseUIKit/CJBaseUIKit/CJToast/Resources/CJToast_error@2x.png",
				"${PODS_ROOT}/CJBaseUIKit/CJBaseUIKit/CJToast/Resources/CJToast_error@3x.png",
				"${PODS_ROOT}/CJBaseUIKit/CJBaseUIKit/CJToast/Resources/CJToast_success.png",
				"${PODS_ROOT}/CJBaseUIKit/CJBaseUIKit/CJToast/Resources/CJToast_success@2x.png",
				"${PODS_ROOT}/CJBaseUIKit/CJBaseUIKit/CJToast/Resources/CJToast_success@3x.png",
				"${PODS_ROOT}/IQKeyboardManager/IQKeyboardManager/Resources/IQKeyboardManager.bundle",
			);
			name = "[CP] Copy Pods Resources";
			outputPaths = (
				"${TARGET_BUILD_DIR}/${UNLOCALIZED_RESOURCES_FOLDER_PATH}/CJToast_error.png",
				"${TARGET_BUILD_DIR}/${UNLOCALIZED_RESOURCES_FOLDER_PATH}/CJToast_error@2x.png",
				"${TARGET_BUILD_DIR}/${UNLOCALIZED_RESOURCES_FOLDER_PATH}/CJToast_error@3x.png",
				"${TARGET_BUILD_DIR}/${UNLOCALIZED_RESOURCES_FOLDER_PATH}/CJToast_success.png",
				"${TARGET_BUILD_DIR}/${UNLOCALIZED_RESOURCES_FOLDER_PATH}/CJToast_success@2x.png",
				"${TARGET_BUILD_DIR}/${UNLOCALIZED_RESOURCES_FOLDER_PATH}/CJToast_success@3x.png",
				"${TARGET_BUILD_DIR}/${UNLOCALIZED_RESOURCES_FOLDER_PATH}/IQKeyboardManager.bundle",
			);
			runOnlyForDeploymentPostprocessing = 0;
			shellPath = /bin/sh;
			shellScript = "\"${SRCROOT}/Pods/Target Support Files/Pods-CJMonitorDemo/Pods-CJMonitorDemo-resources.sh\"\n";
			showEnvVarsInLog = 0;
		};
/* End PBXShellScriptBuildPhase section */

/* Begin PBXSourcesBuildPhase section */
		785FECEA21DDF32D00975192 /* Sources */ = {
			isa = PBXSourcesBuildPhase;
			buildActionMask = 2147483647;
			files = (
				785FED3A21DDF71200975192 /* DemoAlert.m in Sources */,
				785FED5221DDF82E00975192 /* LogMonitorHomeViewController.m in Sources */,
				785FED5321DDF82E00975192 /* SuspendHomeViewController.m in Sources */,
				785FED4021DDF71200975192 /* CJUIKitBaseHomeViewController.m in Sources */,
				785FED4121DDF71200975192 /* CJUIKitBaseViewController.m in Sources */,
				785FED5421DDF82E00975192 /* DataMonitorHomeViewController.m in Sources */,
				785FED0121DDF32F00975192 /* main.m in Sources */,
				785FED3921DDF71200975192 /* DemoBarButtonItemFactory.m in Sources */,
				785FED4721DDF76300975192 /* AppDelegate+WindowRootViewController.m in Sources */,
				785FECF321DDF32D00975192 /* AppDelegate.m in Sources */,
				785FED3F21DDF71200975192 /* DemoButtonFactory.m in Sources */,
			);
			runOnlyForDeploymentPostprocessing = 0;
		};
		785FED0221DDF32F00975192 /* Sources */ = {
			isa = PBXSourcesBuildPhase;
			buildActionMask = 2147483647;
			files = (
				785FED0B21DDF32F00975192 /* CJMonitorDemoTests.m in Sources */,
			);
			runOnlyForDeploymentPostprocessing = 0;
		};
		785FED0D21DDF32F00975192 /* Sources */ = {
			isa = PBXSourcesBuildPhase;
			buildActionMask = 2147483647;
			files = (
				785FED1621DDF32F00975192 /* CJMonitorDemoUITests.m in Sources */,
			);
			runOnlyForDeploymentPostprocessing = 0;
		};
/* End PBXSourcesBuildPhase section */

/* Begin PBXTargetDependency section */
		785FED0821DDF32F00975192 /* PBXTargetDependency */ = {
			isa = PBXTargetDependency;
			target = 785FECED21DDF32D00975192 /* CJMonitorDemo */;
			targetProxy = 785FED0721DDF32F00975192 /* PBXContainerItemProxy */;
		};
		785FED1321DDF32F00975192 /* PBXTargetDependency */ = {
			isa = PBXTargetDependency;
			target = 785FECED21DDF32D00975192 /* CJMonitorDemo */;
			targetProxy = 785FED1221DDF32F00975192 /* PBXContainerItemProxy */;
		};
/* End PBXTargetDependency section */

/* Begin PBXVariantGroup section */
		785FECF721DDF32D00975192 /* Main.storyboard */ = {
			isa = PBXVariantGroup;
			children = (
				785FECF821DDF32D00975192 /* Base */,
			);
			name = Main.storyboard;
			sourceTree = "<group>";
		};
/* End PBXVariantGroup section */

/* Begin XCBuildConfiguration section */
		785FED1821DDF32F00975192 /* Debug */ = {
			isa = XCBuildConfiguration;
			buildSettings = {
				ALWAYS_SEARCH_USER_PATHS = NO;
				CLANG_ANALYZER_NONNULL = YES;
				CLANG_ANALYZER_NUMBER_OBJECT_CONVERSION = YES_AGGRESSIVE;
				CLANG_CXX_LANGUAGE_STANDARD = "gnu++14";
				CLANG_CXX_LIBRARY = "libc++";
				CLANG_ENABLE_MODULES = YES;
				CLANG_ENABLE_OBJC_ARC = YES;
				CLANG_ENABLE_OBJC_WEAK = YES;
				CLANG_WARN_BLOCK_CAPTURE_AUTORELEASING = YES;
				CLANG_WARN_BOOL_CONVERSION = YES;
				CLANG_WARN_COMMA = YES;
				CLANG_WARN_CONSTANT_CONVERSION = YES;
				CLANG_WARN_DEPRECATED_OBJC_IMPLEMENTATIONS = YES;
				CLANG_WARN_DIRECT_OBJC_ISA_USAGE = YES_ERROR;
				CLANG_WARN_DOCUMENTATION_COMMENTS = YES;
				CLANG_WARN_EMPTY_BODY = YES;
				CLANG_WARN_ENUM_CONVERSION = YES;
				CLANG_WARN_INFINITE_RECURSION = YES;
				CLANG_WARN_INT_CONVERSION = YES;
				CLANG_WARN_NON_LITERAL_NULL_CONVERSION = YES;
				CLANG_WARN_OBJC_IMPLICIT_RETAIN_SELF = YES;
				CLANG_WARN_OBJC_LITERAL_CONVERSION = YES;
				CLANG_WARN_OBJC_ROOT_CLASS = YES_ERROR;
				CLANG_WARN_RANGE_LOOP_ANALYSIS = YES;
				CLANG_WARN_STRICT_PROTOTYPES = YES;
				CLANG_WARN_SUSPICIOUS_MOVE = YES;
				CLANG_WARN_UNGUARDED_AVAILABILITY = YES_AGGRESSIVE;
				CLANG_WARN_UNREACHABLE_CODE = YES;
				CLANG_WARN__DUPLICATE_METHOD_MATCH = YES;
				CODE_SIGN_IDENTITY = "iPhone Developer";
				COPY_PHASE_STRIP = NO;
				DEBUG_INFORMATION_FORMAT = dwarf;
				ENABLE_STRICT_OBJC_MSGSEND = YES;
				ENABLE_TESTABILITY = YES;
				GCC_C_LANGUAGE_STANDARD = gnu11;
				GCC_DYNAMIC_NO_PIC = NO;
				GCC_NO_COMMON_BLOCKS = YES;
				GCC_OPTIMIZATION_LEVEL = 0;
				GCC_PREPROCESSOR_DEFINITIONS = (
					"DEBUG=1",
					"$(inherited)",
				);
				GCC_WARN_64_TO_32_BIT_CONVERSION = YES;
				GCC_WARN_ABOUT_RETURN_TYPE = YES_ERROR;
				GCC_WARN_UNDECLARED_SELECTOR = YES;
				GCC_WARN_UNINITIALIZED_AUTOS = YES_AGGRESSIVE;
				GCC_WARN_UNUSED_FUNCTION = YES;
				GCC_WARN_UNUSED_VARIABLE = YES;
				IPHONEOS_DEPLOYMENT_TARGET = 12.1;
				MTL_ENABLE_DEBUG_INFO = INCLUDE_SOURCE;
				MTL_FAST_MATH = YES;
				ONLY_ACTIVE_ARCH = YES;
				SDKROOT = iphoneos;
			};
			name = Debug;
		};
		785FED1921DDF32F00975192 /* Release */ = {
			isa = XCBuildConfiguration;
			buildSettings = {
				ALWAYS_SEARCH_USER_PATHS = NO;
				CLANG_ANALYZER_NONNULL = YES;
				CLANG_ANALYZER_NUMBER_OBJECT_CONVERSION = YES_AGGRESSIVE;
				CLANG_CXX_LANGUAGE_STANDARD = "gnu++14";
				CLANG_CXX_LIBRARY = "libc++";
				CLANG_ENABLE_MODULES = YES;
				CLANG_ENABLE_OBJC_ARC = YES;
				CLANG_ENABLE_OBJC_WEAK = YES;
				CLANG_WARN_BLOCK_CAPTURE_AUTORELEASING = YES;
				CLANG_WARN_BOOL_CONVERSION = YES;
				CLANG_WARN_COMMA = YES;
				CLANG_WARN_CONSTANT_CONVERSION = YES;
				CLANG_WARN_DEPRECATED_OBJC_IMPLEMENTATIONS = YES;
				CLANG_WARN_DIRECT_OBJC_ISA_USAGE = YES_ERROR;
				CLANG_WARN_DOCUMENTATION_COMMENTS = YES;
				CLANG_WARN_EMPTY_BODY = YES;
				CLANG_WARN_ENUM_CONVERSION = YES;
				CLANG_WARN_INFINITE_RECURSION = YES;
				CLANG_WARN_INT_CONVERSION = YES;
				CLANG_WARN_NON_LITERAL_NULL_CONVERSION = YES;
				CLANG_WARN_OBJC_IMPLICIT_RETAIN_SELF = YES;
				CLANG_WARN_OBJC_LITERAL_CONVERSION = YES;
				CLANG_WARN_OBJC_ROOT_CLASS = YES_ERROR;
				CLANG_WARN_RANGE_LOOP_ANALYSIS = YES;
				CLANG_WARN_STRICT_PROTOTYPES = YES;
				CLANG_WARN_SUSPICIOUS_MOVE = YES;
				CLANG_WARN_UNGUARDED_AVAILABILITY = YES_AGGRESSIVE;
				CLANG_WARN_UNREACHABLE_CODE = YES;
				CLANG_WARN__DUPLICATE_METHOD_MATCH = YES;
				CODE_SIGN_IDENTITY = "iPhone Developer";
				COPY_PHASE_STRIP = NO;
				DEBUG_INFORMATION_FORMAT = "dwarf-with-dsym";
				ENABLE_NS_ASSERTIONS = NO;
				ENABLE_STRICT_OBJC_MSGSEND = YES;
				GCC_C_LANGUAGE_STANDARD = gnu11;
				GCC_NO_COMMON_BLOCKS = YES;
				GCC_WARN_64_TO_32_BIT_CONVERSION = YES;
				GCC_WARN_ABOUT_RETURN_TYPE = YES_ERROR;
				GCC_WARN_UNDECLARED_SELECTOR = YES;
				GCC_WARN_UNINITIALIZED_AUTOS = YES_AGGRESSIVE;
				GCC_WARN_UNUSED_FUNCTION = YES;
				GCC_WARN_UNUSED_VARIABLE = YES;
				IPHONEOS_DEPLOYMENT_TARGET = 12.1;
				MTL_ENABLE_DEBUG_INFO = NO;
				MTL_FAST_MATH = YES;
				SDKROOT = iphoneos;
				VALIDATE_PRODUCT = YES;
			};
			name = Release;
		};
		785FED1B21DDF32F00975192 /* Debug */ = {
			isa = XCBuildConfiguration;
			baseConfigurationReference = E33CB99BB5BCD6E4F0251EBB /* Pods-CJMonitorDemo.debug.xcconfig */;
			buildSettings = {
				ASSETCATALOG_COMPILER_APPICON_NAME = AppIcon;
				ASSETCATALOG_COMPILER_LAUNCHIMAGE_NAME = LaunchImage;
				CODE_SIGN_STYLE = Automatic;
				INFOPLIST_FILE = CJMonitorDemo/Info.plist;
				LD_RUNPATH_SEARCH_PATHS = (
					"$(inherited)",
					"@executable_path/Frameworks",
				);
				PRODUCT_BUNDLE_IDENTIFIER = com.dvlproad.CJMonitorDemo;
				PRODUCT_NAME = "$(TARGET_NAME)";
				TARGETED_DEVICE_FAMILY = "1,2";
			};
			name = Debug;
		};
		785FED1C21DDF32F00975192 /* Release */ = {
			isa = XCBuildConfiguration;
			baseConfigurationReference = CCDAB677AF827AB82CCBF1CE /* Pods-CJMonitorDemo.release.xcconfig */;
			buildSettings = {
				ASSETCATALOG_COMPILER_APPICON_NAME = AppIcon;
				ASSETCATALOG_COMPILER_LAUNCHIMAGE_NAME = LaunchImage;
				CODE_SIGN_STYLE = Automatic;
				INFOPLIST_FILE = CJMonitorDemo/Info.plist;
				LD_RUNPATH_SEARCH_PATHS = (
					"$(inherited)",
					"@executable_path/Frameworks",
				);
				PRODUCT_BUNDLE_IDENTIFIER = com.dvlproad.CJMonitorDemo;
				PRODUCT_NAME = "$(TARGET_NAME)";
				TARGETED_DEVICE_FAMILY = "1,2";
			};
			name = Release;
		};
		785FED1E21DDF32F00975192 /* Debug */ = {
			isa = XCBuildConfiguration;
			baseConfigurationReference = 24DC039A60980F23E7F0A4D7 /* Pods-CJMonitorDemoTests.debug.xcconfig */;
			buildSettings = {
				BUNDLE_LOADER = "$(TEST_HOST)";
				CODE_SIGN_STYLE = Automatic;
				INFOPLIST_FILE = CJMonitorDemoTests/Info.plist;
				LD_RUNPATH_SEARCH_PATHS = (
					"$(inherited)",
					"@executable_path/Frameworks",
					"@loader_path/Frameworks",
				);
				PRODUCT_BUNDLE_IDENTIFIER = com.dvlproad.CJMonitorDemoTests;
				PRODUCT_NAME = "$(TARGET_NAME)";
				TARGETED_DEVICE_FAMILY = "1,2";
				TEST_HOST = "$(BUILT_PRODUCTS_DIR)/CJMonitorDemo.app/CJMonitorDemo";
			};
			name = Debug;
		};
		785FED1F21DDF32F00975192 /* Release */ = {
			isa = XCBuildConfiguration;
			baseConfigurationReference = B27549A87E92831820BB23EC /* Pods-CJMonitorDemoTests.release.xcconfig */;
			buildSettings = {
				BUNDLE_LOADER = "$(TEST_HOST)";
				CODE_SIGN_STYLE = Automatic;
				INFOPLIST_FILE = CJMonitorDemoTests/Info.plist;
				LD_RUNPATH_SEARCH_PATHS = (
					"$(inherited)",
					"@executable_path/Frameworks",
					"@loader_path/Frameworks",
				);
				PRODUCT_BUNDLE_IDENTIFIER = com.dvlproad.CJMonitorDemoTests;
				PRODUCT_NAME = "$(TARGET_NAME)";
				TARGETED_DEVICE_FAMILY = "1,2";
				TEST_HOST = "$(BUILT_PRODUCTS_DIR)/CJMonitorDemo.app/CJMonitorDemo";
			};
			name = Release;
		};
		785FED2121DDF32F00975192 /* Debug */ = {
			isa = XCBuildConfiguration;
			baseConfigurationReference = 2194D3AA01377037FB1D6409 /* Pods-CJMonitorDemoUITests.debug.xcconfig */;
			buildSettings = {
				CODE_SIGN_STYLE = Automatic;
				INFOPLIST_FILE = CJMonitorDemoUITests/Info.plist;
				LD_RUNPATH_SEARCH_PATHS = (
					"$(inherited)",
					"@executable_path/Frameworks",
					"@loader_path/Frameworks",
				);
				PRODUCT_BUNDLE_IDENTIFIER = com.dvlproad.CJMonitorDemoUITests;
				PRODUCT_NAME = "$(TARGET_NAME)";
				TARGETED_DEVICE_FAMILY = "1,2";
				TEST_TARGET_NAME = CJMonitorDemo;
			};
			name = Debug;
		};
		785FED2221DDF32F00975192 /* Release */ = {
			isa = XCBuildConfiguration;
			baseConfigurationReference = 3A8FE04E61807985ABCCD8CA /* Pods-CJMonitorDemoUITests.release.xcconfig */;
			buildSettings = {
				CODE_SIGN_STYLE = Automatic;
				INFOPLIST_FILE = CJMonitorDemoUITests/Info.plist;
				LD_RUNPATH_SEARCH_PATHS = (
					"$(inherited)",
					"@executable_path/Frameworks",
					"@loader_path/Frameworks",
				);
				PRODUCT_BUNDLE_IDENTIFIER = com.dvlproad.CJMonitorDemoUITests;
				PRODUCT_NAME = "$(TARGET_NAME)";
				TARGETED_DEVICE_FAMILY = "1,2";
				TEST_TARGET_NAME = CJMonitorDemo;
			};
			name = Release;
		};
/* End XCBuildConfiguration section */

/* Begin XCConfigurationList section */
		785FECE921DDF32C00975192 /* Build configuration list for PBXProject "CJMonitorDemo" */ = {
			isa = XCConfigurationList;
			buildConfigurations = (
				785FED1821DDF32F00975192 /* Debug */,
				785FED1921DDF32F00975192 /* Release */,
			);
			defaultConfigurationIsVisible = 0;
			defaultConfigurationName = Release;
		};
		785FED1A21DDF32F00975192 /* Build configuration list for PBXNativeTarget "CJMonitorDemo" */ = {
			isa = XCConfigurationList;
			buildConfigurations = (
				785FED1B21DDF32F00975192 /* Debug */,
				785FED1C21DDF32F00975192 /* Release */,
			);
			defaultConfigurationIsVisible = 0;
			defaultConfigurationName = Release;
		};
		785FED1D21DDF32F00975192 /* Build configuration list for PBXNativeTarget "CJMonitorDemoTests" */ = {
			isa = XCConfigurationList;
			buildConfigurations = (
				785FED1E21DDF32F00975192 /* Debug */,
				785FED1F21DDF32F00975192 /* Release */,
			);
			defaultConfigurationIsVisible = 0;
			defaultConfigurationName = Release;
		};
		785FED2021DDF32F00975192 /* Build configuration list for PBXNativeTarget "CJMonitorDemoUITests" */ = {
			isa = XCConfigurationList;
			buildConfigurations = (
				785FED2121DDF32F00975192 /* Debug */,
				785FED2221DDF32F00975192 /* Release */,
			);
			defaultConfigurationIsVisible = 0;
			defaultConfigurationName = Release;
		};
/* End XCConfigurationList section */
	};
	rootObject = 785FECE621DDF32C00975192 /* Project object */;
}
